Microsoft Visual Studio Solution File, Format Version 12.00
# Visual Studio Version 17
VisualStudioVersion = 17.5.2.0
MinimumVisualStudioVersion = 10.0.40219.1
Project("{2150E333-8FDC-42A3-9474-1A3956D46DE8}") = "mason-tracker", "mason-tracker", "{CE414387-6584-A95E-1C15-09CBE9D498FD}"
EndProject
Project("{FAE04EC0-301F-11D3-BF4B-00C04F79EFBC}") = "MasonTracker.Api", "mason-tracker\MasonTracker.Api\MasonTracker.Api.csproj", "{E51E8AE3-692F-AC8D-C13F-1CD8B5422820}"
EndProject
Global
	GlobalSection(SolutionConfigurationPlatforms) = preSolution
		Debug|Any CPU = Debug|Any CPU
		Release|Any CPU = Release|Any CPU
	EndGlobalSection
	GlobalSection(ProjectConfigurationPlatforms) = postSolution
		{E51E8AE3-692F-AC8D-C13F-1CD8B5422820}.Debug|Any CPU.ActiveCfg = Debug|Any CPU
		{E51E8AE3-692F-AC8D-C13F-1CD8B5422820}.Debug|Any CPU.Build.0 = Debug|Any CPU
		{E51E8AE3-692F-AC8D-C13F-1CD8B5422820}.Release|Any CPU.ActiveCfg = Release|Any CPU
		{E51E8AE3-692F-AC8D-C13F-1CD8B5422820}.Release|Any CPU.Build.0 = Release|Any CPU
	EndGlobalSection
	GlobalSection(SolutionProperties) = preSolution
		HideSolutionNode = FALSE
	EndGlobalSection
	GlobalSection(NestedProjects) = preSolution
		{E51E8AE3-692F-AC8D-C13F-1CD8B5422820} = {CE414387-6584-A95E-1C15-09CBE9D498FD}
	EndGlobalSection
	GlobalSection(ExtensibilityGlobals) = postSolution
		SolutionGuid = {DC7CBF8D-6BDF-46EA-8EDA-FBC81F7CAB32}
	EndGlobalSection
EndGlobal
